// !$*UTF8*$!
{
	archiveVersion = 1;
	classes = {
	};
	objectVersion = 51;
	objects = {

/* Begin PBXBuildFile section */
		2CD3A785A3B046ABD83DB550 /* Pods_XTLocalPlayer.framework in Frameworks */ = {isa = PBXBuildFile; fileRef = F9AF23AEAF8825989511FD28 /* Pods_XTLocalPlayer.framework */; settings = {ATTRIBUTES = (Weak, ); }; };
		39923C8F237CFFCA00EBDAD8 /* ZFCustomControlView1.m in Sources */ = {isa = PBXBuildFile; fileRef = 39923C8E237CFFCA00EBDAD8 /* ZFCustomControlView1.m */; };
		39923C92237D1B1C00EBDAD8 /* JPPopMenuView.m in Sources */ = {isa = PBXBuildFile; fileRef = 39923C90237D1B1C00EBDAD8 /* JPPopMenuView.m */; };
		39923C9B237D264700EBDAD8 /* AudioDetailController.m in Sources */ = {isa = PBXBuildFile; fileRef = 39923C9A237D264700EBDAD8 /* AudioDetailController.m */; };
		39923CA2237D2EC000EBDAD8 /* TransportViewController.m in Sources */ = {isa = PBXBuildFile; fileRef = 39923CA0237D2EC000EBDAD8 /* TransportViewController.m */; };
		39923CA3237D2EC000EBDAD8 /* TransportViewController.xib in Resources */ = {isa = PBXBuildFile; fileRef = 39923CA1237D2EC000EBDAD8 /* TransportViewController.xib */; };
		39923CD4237D42EB00EBDAD8 /* HTTPErrorResponse.m in Sources */ = {isa = PBXBuildFile; fileRef = 39923CB4237D42EB00EBDAD8 /* HTTPErrorResponse.m */; };
		39923CD5237D42EB00EBDAD8 /* HTTPDataResponse.m in Sources */ = {isa = PBXBuildFile; fileRef = 39923CB5237D42EB00EBDAD8 /* HTTPDataResponse.m */; };
		39923CD6237D42EB00EBDAD8 /* HTTPDynamicFileResponse.m in Sources */ = {isa = PBXBuildFile; fileRef = 39923CB7237D42EB00EBDAD8 /* HTTPDynamicFileResponse.m */; };
		39923CD7237D42EB00EBDAD8 /* HTTPFileResponse.m in Sources */ = {isa = PBXBuildFile; fileRef = 39923CB8237D42EB00EBDAD8 /* HTTPFileResponse.m */; };
		39923CD8237D42EB00EBDAD8 /* HTTPAsyncFileResponse.m in Sources */ = {isa = PBXBuildFile; fileRef = 39923CB9237D42EB00EBDAD8 /* HTTPAsyncFileResponse.m */; };
		39923CD9237D42EB00EBDAD8 /* HTTPRedirectResponse.m in Sources */ = {isa = PBXBuildFile; fileRef = 39923CBA237D42EB00EBDAD8 /* HTTPRedirectResponse.m */; };
		39923CDA237D42EB00EBDAD8 /* HTTPMessage.m in Sources */ = {isa = PBXBuildFile; fileRef = 39923CC0237D42EB00EBDAD8 /* HTTPMessage.m */; };
		39923CDB237D42EB00EBDAD8 /* HTTPConnection.m in Sources */ = {isa = PBXBuildFile; fileRef = 39923CC1237D42EB00EBDAD8 /* HTTPConnection.m */; };
		39923CDC237D42EB00EBDAD8 /* WebSocket.m in Sources */ = {isa = PBXBuildFile; fileRef = 39923CC2237D42EB00EBDAD8 /* WebSocket.m */; };
		39923CDD237D42EB00EBDAD8 /* MultipartMessageHeaderField.m in Sources */ = {isa = PBXBuildFile; fileRef = 39923CC7237D42EB00EBDAD8 /* MultipartMessageHeaderField.m */; };
		39923CDE237D42EB00EBDAD8 /* MultipartFormDataParser.m in Sources */ = {isa = PBXBuildFile; fileRef = 39923CC8237D42EB00EBDAD8 /* MultipartFormDataParser.m */; };
		39923CDF237D42EB00EBDAD8 /* MultipartMessageHeader.m in Sources */ = {isa = PBXBuildFile; fileRef = 39923CC9237D42EB00EBDAD8 /* MultipartMessageHeader.m */; };
		39923CE0237D42EB00EBDAD8 /* HTTPAuthenticationRequest.m in Sources */ = {isa = PBXBuildFile; fileRef = 39923CCB237D42EB00EBDAD8 /* HTTPAuthenticationRequest.m */; };
		39923CE1237D42EB00EBDAD8 /* DDNumber.m in Sources */ = {isa = PBXBuildFile; fileRef = 39923CCD237D42EB00EBDAD8 /* DDNumber.m */; };
		39923CE2237D42EB00EBDAD8 /* DDData.m in Sources */ = {isa = PBXBuildFile; fileRef = 39923CCE237D42EB00EBDAD8 /* DDData.m */; };
		39923CE3237D42EB00EBDAD8 /* DDRange.m in Sources */ = {isa = PBXBuildFile; fileRef = 39923CD1237D42EB00EBDAD8 /* DDRange.m */; };
		39923CE4237D42EB00EBDAD8 /* HTTPServer.m in Sources */ = {isa = PBXBuildFile; fileRef = 39923CD3237D42EB00EBDAD8 /* HTTPServer.m */; };
		39923CEC237D431700EBDAD8 /* MyHTTPConnection.m in Sources */ = {isa = PBXBuildFile; fileRef = 39923CE9237D431700EBDAD8 /* MyHTTPConnection.m */; };
		39923D03237D434300EBDAD8 /* DDTTYLogger.m in Sources */ = {isa = PBXBuildFile; fileRef = 39923CEE237D434300EBDAD8 /* DDTTYLogger.m */; };
		39923D04237D434300EBDAD8 /* DDASLLogger.m in Sources */ = {isa = PBXBuildFile; fileRef = 39923CF1237D434300EBDAD8 /* DDASLLogger.m */; };
		39923D05237D434300EBDAD8 /* ContextFilterLogFormatter.m in Sources */ = {isa = PBXBuildFile; fileRef = 39923CF6237D434300EBDAD8 /* ContextFilterLogFormatter.m */; };
		39923D06237D434300EBDAD8 /* DispatchQueueLogFormatter.m in Sources */ = {isa = PBXBuildFile; fileRef = 39923CF7237D434300EBDAD8 /* DispatchQueueLogFormatter.m */; };
		39923D07237D434300EBDAD8 /* README.txt in Resources */ = {isa = PBXBuildFile; fileRef = 39923CF8237D434300EBDAD8 /* README.txt */; };
		39923D08237D434300EBDAD8 /* DDLog.m in Sources */ = {isa = PBXBuildFile; fileRef = 39923CF9237D434300EBDAD8 /* DDLog.m */; };
		39923D09237D434300EBDAD8 /* About.txt in Resources */ = {isa = PBXBuildFile; fileRef = 39923CFA237D434300EBDAD8 /* About.txt */; };
		39923D0A237D434300EBDAD8 /* DDAbstractDatabaseLogger.m in Sources */ = {isa = PBXBuildFile; fileRef = 39923CFC237D434300EBDAD8 /* DDAbstractDatabaseLogger.m */; };
		39923D0B237D434300EBDAD8 /* DDFileLogger.m in Sources */ = {isa = PBXBuildFile; fileRef = 39923CFD237D434300EBDAD8 /* DDFileLogger.m */; };
		39923D0C237D434300EBDAD8 /* GCDAsyncSocket.m in Sources */ = {isa = PBXBuildFile; fileRef = 39923D00237D434300EBDAD8 /* GCDAsyncSocket.m */; };
		39923D24237D4D8E00EBDAD8 /* web in Resources */ = {isa = PBXBuildFile; fileRef = 39923D23237D4D8E00EBDAD8 /* web */; };
		39923D27237D4EA500EBDAD8 /* Utils.m in Sources */ = {isa = PBXBuildFile; fileRef = 39923D26237D4EA500EBDAD8 /* Utils.m */; };
		39923D2B237D68AA00EBDAD8 /* AudioDetailController.xib in Resources */ = {isa = PBXBuildFile; fileRef = 39923D2A237D68AA00EBDAD8 /* AudioDetailController.xib */; };
		39923D2F237D6A9C00EBDAD8 /* HomeViewController.m in Sources */ = {isa = PBXBuildFile; fileRef = 39923D2D237D6A9C00EBDAD8 /* HomeViewController.m */; };
		39923D30237D6A9C00EBDAD8 /* HomeViewController.xib in Resources */ = {isa = PBXBuildFile; fileRef = 39923D2E237D6A9C00EBDAD8 /* HomeViewController.xib */; };
		39923D37237E596400EBDAD8 /* VideoCell.m in Sources */ = {isa = PBXBuildFile; fileRef = 39923D35237E596400EBDAD8 /* VideoCell.m */; };
		39923D38237E596400EBDAD8 /* VideoCell.xib in Resources */ = {isa = PBXBuildFile; fileRef = 39923D36237E596400EBDAD8 /* VideoCell.xib */; };
		39923D3C237E5A4F00EBDAD8 /* UITableView+Extend.m in Sources */ = {isa = PBXBuildFile; fileRef = 39923D3B237E5A4F00EBDAD8 /* UITableView+Extend.m */; };
		39923D53237E7BB100EBDAD8 /* FileLogDao.m in Sources */ = {isa = PBXBuildFile; fileRef = 39923D52237E7BB100EBDAD8 /* FileLogDao.m */; };
		39923D56237E83EC00EBDAD8 /* BaseModel.m in Sources */ = {isa = PBXBuildFile; fileRef = 39923D55237E83EC00EBDAD8 /* BaseModel.m */; };
		39923D59237E84A900EBDAD8 /* FileModel.m in Sources */ = {isa = PBXBuildFile; fileRef = 39923D58237E84A900EBDAD8 /* FileModel.m */; };
		39923D5C237EA7C800EBDAD8 /* NSFileManager+Category.m in Sources */ = {isa = PBXBuildFile; fileRef = 39923D5B237EA7C800EBDAD8 /* NSFileManager+Category.m */; };
		39DF13A1237C02E500BF04F8 /* AppDelegate.m in Sources */ = {isa = PBXBuildFile; fileRef = 39DF13A0237C02E500BF04F8 /* AppDelegate.m */; };
		39DF13A9237C02E500BF04F8 /* Assets.xcassets in Resources */ = {isa = PBXBuildFile; fileRef = 39DF13A8237C02E500BF04F8 /* Assets.xcassets */; };
		39DF13AC237C02E500BF04F8 /* LaunchScreen.storyboard in Resources */ = {isa = PBXBuildFile; fileRef = 39DF13AA237C02E500BF04F8 /* LaunchScreen.storyboard */; };
		39DF13AF237C02E500BF04F8 /* main.m in Sources */ = {isa = PBXBuildFile; fileRef = 39DF13AE237C02E500BF04F8 /* main.m */; };
		39DF13BD237C05A900BF04F8 /* BaseViewController.m in Sources */ = {isa = PBXBuildFile; fileRef = 39DF13BC237C05A900BF04F8 /* BaseViewController.m */; };
		39DF13C0237C05B600BF04F8 /* UIViewController+AOP.m in Sources */ = {isa = PBXBuildFile; fileRef = 39DF13BF237C05B600BF04F8 /* UIViewController+AOP.m */; };
		39DF13C3237C05E100BF04F8 /* NavigationController.m in Sources */ = {isa = PBXBuildFile; fileRef = 39DF13C2237C05E100BF04F8 /* NavigationController.m */; };

		39FBEB54237F99BC008DE3A8 /* ImpactFeedback.m in Sources */ = {isa = PBXBuildFile; fileRef = 39FBEB53237F99BC008DE3A8 /* ImpactFeedback.m */; };
		39FBEB57237FA090008DE3A8 /* Comets.m in Sources */ = {isa = PBXBuildFile; fileRef = 39FBEB56237FA090008DE3A8 /* Comets.m */; };
		39FBEB5A237FA886008DE3A8 /* UIImage+Extend.m in Sources */ = {isa = PBXBuildFile; fileRef = 39FBEB59237FA886008DE3A8 /* UIImage+Extend.m */; };
		39FBEB6A237FB120008DE3A8 /* LaunchView.m in Sources */ = {isa = PBXBuildFile; fileRef = 39FBEB69237FB120008DE3A8 /* LaunchView.m */; };
		39FBEB70237FB1B9008DE3A8 /* AppDelegate+Launch.m in Sources */ = {isa = PBXBuildFile; fileRef = 39FBEB6F237FB1B9008DE3A8 /* AppDelegate+Launch.m */; };

		4B13028A23978B100069209E /* SettingsViewController.m in Sources */ = {isa = PBXBuildFile; fileRef = 4B13028823978B100069209E /* SettingsViewController.m */; };
		4B13028B23978B100069209E /* SettingsViewController.xib in Resources */ = {isa = PBXBuildFile; fileRef = 4B13028923978B100069209E /* SettingsViewController.xib */; };
		4B13028F23978B200069209E /* AboutViewController.m in Sources */ = {isa = PBXBuildFile; fileRef = 4B13028D23978B200069209E /* AboutViewController.m */; };
		4B13029023978B200069209E /* AboutViewController.xib in Resources */ = {isa = PBXBuildFile; fileRef = 4B13028E23978B200069209E /* AboutViewController.xib */; };
		4B130298239794D60069209E /* UIView+NibCreatable.m in Sources */ = {isa = PBXBuildFile; fileRef = 4B130297239794D60069209E /* UIView+NibCreatable.m */; };
		4B1302A42397BB210069209E /* NormalView.m in Sources */ = {isa = PBXBuildFile; fileRef = 4B1302A32397BB210069209E /* NormalView.m */; };
		4B1302A62397BB2C0069209E /* NormalView.xib in Resources */ = {isa = PBXBuildFile; fileRef = 4B1302A52397BB2C0069209E /* NormalView.xib */; };
		4B1302A92397C6150069209E /* NSString+Extend.m in Sources */ = {isa = PBXBuildFile; fileRef = 4B1302A82397C6150069209E /* NSString+Extend.m */; };
/* End PBXBuildFile section */

/* Begin PBXFileReference section */
		39923C8D237CFFCA00EBDAD8 /* ZFCustomControlView1.h */ = {isa = PBXFileReference; fileEncoding = 4; lastKnownFileType = sourcecode.c.h; path = ZFCustomControlView1.h; sourceTree = "<group>"; };
		39923C8E237CFFCA00EBDAD8 /* ZFCustomControlView1.m */ = {isa = PBXFileReference; fileEncoding = 4; lastKnownFileType = sourcecode.c.objc; path = ZFCustomControlView1.m; sourceTree = "<group>"; };
		39923C90237D1B1C00EBDAD8 /* JPPopMenuView.m */ = {isa = PBXFileReference; fileEncoding = 4; lastKnownFileType = sourcecode.c.objc; path = JPPopMenuView.m; sourceTree = "<group>"; };
		39923C91237D1B1C00EBDAD8 /* JPPopMenuView.h */ = {isa = PBXFileReference; fileEncoding = 4; lastKnownFileType = sourcecode.c.h; path = JPPopMenuView.h; sourceTree = "<group>"; };
		39923C99237D264700EBDAD8 /* AudioDetailController.h */ = {isa = PBXFileReference; lastKnownFileType = sourcecode.c.h; path = AudioDetailController.h; sourceTree = "<group>"; };
		39923C9A237D264700EBDAD8 /* AudioDetailController.m */ = {isa = PBXFileReference; lastKnownFileType = sourcecode.c.objc; path = AudioDetailController.m; sourceTree = "<group>"; };
		39923C9F237D2EC000EBDAD8 /* TransportViewController.h */ = {isa = PBXFileReference; lastKnownFileType = sourcecode.c.h; path = TransportViewController.h; sourceTree = "<group>"; };
		39923CA0237D2EC000EBDAD8 /* TransportViewController.m */ = {isa = PBXFileReference; lastKnownFileType = sourcecode.c.objc; path = TransportViewController.m; sourceTree = "<group>"; };
		39923CA1237D2EC000EBDAD8 /* TransportViewController.xib */ = {isa = PBXFileReference; lastKnownFileType = file.xib; path = TransportViewController.xib; sourceTree = "<group>"; };
		39923CAD237D42EB00EBDAD8 /* HTTPConnection.h */ = {isa = PBXFileReference; fileEncoding = 4; lastKnownFileType = sourcecode.c.h; path = HTTPConnection.h; sourceTree = "<group>"; };
		39923CAE237D42EB00EBDAD8 /* HTTPLogging.h */ = {isa = PBXFileReference; fileEncoding = 4; lastKnownFileType = sourcecode.c.h; path = HTTPLogging.h; sourceTree = "<group>"; };
		39923CAF237D42EB00EBDAD8 /* HTTPMessage.h */ = {isa = PBXFileReference; fileEncoding = 4; lastKnownFileType = sourcecode.c.h; path = HTTPMessage.h; sourceTree = "<group>"; };
		39923CB0237D42EB00EBDAD8 /* WebSocket.h */ = {isa = PBXFileReference; fileEncoding = 4; lastKnownFileType = sourcecode.c.h; path = WebSocket.h; sourceTree = "<group>"; };
		39923CB1237D42EB00EBDAD8 /* HTTPAuthenticationRequest.h */ = {isa = PBXFileReference; fileEncoding = 4; lastKnownFileType = sourcecode.c.h; path = HTTPAuthenticationRequest.h; sourceTree = "<group>"; };
		39923CB3237D42EB00EBDAD8 /* HTTPAsyncFileResponse.h */ = {isa = PBXFileReference; fileEncoding = 4; lastKnownFileType = sourcecode.c.h; path = HTTPAsyncFileResponse.h; sourceTree = "<group>"; };
		39923CB4237D42EB00EBDAD8 /* HTTPErrorResponse.m */ = {isa = PBXFileReference; fileEncoding = 4; lastKnownFileType = sourcecode.c.objc; path = HTTPErrorResponse.m; sourceTree = "<group>"; };
		39923CB5237D42EB00EBDAD8 /* HTTPDataResponse.m */ = {isa = PBXFileReference; fileEncoding = 4; lastKnownFileType = sourcecode.c.objc; path = HTTPDataResponse.m; sourceTree = "<group>"; };
		39923CB6237D42EB00EBDAD8 /* HTTPRedirectResponse.h */ = {isa = PBXFileReference; fileEncoding = 4; lastKnownFileType = sourcecode.c.h; path = HTTPRedirectResponse.h; sourceTree = "<group>"; };
		39923CB7237D42EB00EBDAD8 /* HTTPDynamicFileResponse.m */ = {isa = PBXFileReference; fileEncoding = 4; lastKnownFileType = sourcecode.c.objc; path = HTTPDynamicFileResponse.m; sourceTree = "<group>"; };
		39923CB8237D42EB00EBDAD8 /* HTTPFileResponse.m */ = {isa = PBXFileReference; fileEncoding = 4; lastKnownFileType = sourcecode.c.objc; path = HTTPFileResponse.m; sourceTree = "<group>"; };
		39923CB9237D42EB00EBDAD8 /* HTTPAsyncFileResponse.m */ = {isa = PBXFileReference; fileEncoding = 4; lastKnownFileType = sourcecode.c.objc; path = HTTPAsyncFileResponse.m; sourceTree = "<group>"; };
		39923CBA237D42EB00EBDAD8 /* HTTPRedirectResponse.m */ = {isa = PBXFileReference; fileEncoding = 4; lastKnownFileType = sourcecode.c.objc; path = HTTPRedirectResponse.m; sourceTree = "<group>"; };
		39923CBB237D42EB00EBDAD8 /* HTTPDataResponse.h */ = {isa = PBXFileReference; fileEncoding = 4; lastKnownFileType = sourcecode.c.h; path = HTTPDataResponse.h; sourceTree = "<group>"; };
		39923CBC237D42EB00EBDAD8 /* HTTPErrorResponse.h */ = {isa = PBXFileReference; fileEncoding = 4; lastKnownFileType = sourcecode.c.h; path = HTTPErrorResponse.h; sourceTree = "<group>"; };
		39923CBD237D42EB00EBDAD8 /* HTTPFileResponse.h */ = {isa = PBXFileReference; fileEncoding = 4; lastKnownFileType = sourcecode.c.h; path = HTTPFileResponse.h; sourceTree = "<group>"; };
		39923CBE237D42EB00EBDAD8 /* HTTPDynamicFileResponse.h */ = {isa = PBXFileReference; fileEncoding = 4; lastKnownFileType = sourcecode.c.h; path = HTTPDynamicFileResponse.h; sourceTree = "<group>"; };
		39923CBF237D42EB00EBDAD8 /* HTTPServer.h */ = {isa = PBXFileReference; fileEncoding = 4; lastKnownFileType = sourcecode.c.h; path = HTTPServer.h; sourceTree = "<group>"; };
		39923CC0237D42EB00EBDAD8 /* HTTPMessage.m */ = {isa = PBXFileReference; fileEncoding = 4; lastKnownFileType = sourcecode.c.objc; path = HTTPMessage.m; sourceTree = "<group>"; };
		39923CC1237D42EB00EBDAD8 /* HTTPConnection.m */ = {isa = PBXFileReference; fileEncoding = 4; lastKnownFileType = sourcecode.c.objc; path = HTTPConnection.m; sourceTree = "<group>"; };
		39923CC2237D42EB00EBDAD8 /* WebSocket.m */ = {isa = PBXFileReference; fileEncoding = 4; lastKnownFileType = sourcecode.c.objc; path = WebSocket.m; sourceTree = "<group>"; };
		39923CC3237D42EB00EBDAD8 /* HTTPResponse.h */ = {isa = PBXFileReference; fileEncoding = 4; lastKnownFileType = sourcecode.c.h; path = HTTPResponse.h; sourceTree = "<group>"; };
		39923CC5237D42EB00EBDAD8 /* MultipartFormDataParser.h */ = {isa = PBXFileReference; fileEncoding = 4; lastKnownFileType = sourcecode.c.h; path = MultipartFormDataParser.h; sourceTree = "<group>"; };
		39923CC6237D42EB00EBDAD8 /* MultipartMessageHeader.h */ = {isa = PBXFileReference; fileEncoding = 4; lastKnownFileType = sourcecode.c.h; path = MultipartMessageHeader.h; sourceTree = "<group>"; };
		39923CC7237D42EB00EBDAD8 /* MultipartMessageHeaderField.m */ = {isa = PBXFileReference; fileEncoding = 4; lastKnownFileType = sourcecode.c.objc; path = MultipartMessageHeaderField.m; sourceTree = "<group>"; };
		39923CC8237D42EB00EBDAD8 /* MultipartFormDataParser.m */ = {isa = PBXFileReference; fileEncoding = 4; lastKnownFileType = sourcecode.c.objc; path = MultipartFormDataParser.m; sourceTree = "<group>"; };
		39923CC9237D42EB00EBDAD8 /* MultipartMessageHeader.m */ = {isa = PBXFileReference; fileEncoding = 4; lastKnownFileType = sourcecode.c.objc; path = MultipartMessageHeader.m; sourceTree = "<group>"; };
		39923CCA237D42EB00EBDAD8 /* MultipartMessageHeaderField.h */ = {isa = PBXFileReference; fileEncoding = 4; lastKnownFileType = sourcecode.c.h; path = MultipartMessageHeaderField.h; sourceTree = "<group>"; };
		39923CCB237D42EB00EBDAD8 /* HTTPAuthenticationRequest.m */ = {isa = PBXFileReference; fileEncoding = 4; lastKnownFileType = sourcecode.c.objc; path = HTTPAuthenticationRequest.m; sourceTree = "<group>"; };
		39923CCD237D42EB00EBDAD8 /* DDNumber.m */ = {isa = PBXFileReference; fileEncoding = 4; lastKnownFileType = sourcecode.c.objc; path = DDNumber.m; sourceTree = "<group>"; };
		39923CCE237D42EB00EBDAD8 /* DDData.m */ = {isa = PBXFileReference; fileEncoding = 4; lastKnownFileType = sourcecode.c.objc; path = DDData.m; sourceTree = "<group>"; };
		39923CCF237D42EB00EBDAD8 /* DDRange.h */ = {isa = PBXFileReference; fileEncoding = 4; lastKnownFileType = sourcecode.c.h; path = DDRange.h; sourceTree = "<group>"; };
		39923CD0237D42EB00EBDAD8 /* DDNumber.h */ = {isa = PBXFileReference; fileEncoding = 4; lastKnownFileType = sourcecode.c.h; path = DDNumber.h; sourceTree = "<group>"; };
		39923CD1237D42EB00EBDAD8 /* DDRange.m */ = {isa = PBXFileReference; fileEncoding = 4; lastKnownFileType = sourcecode.c.objc; path = DDRange.m; sourceTree = "<group>"; };
		39923CD2237D42EB00EBDAD8 /* DDData.h */ = {isa = PBXFileReference; fileEncoding = 4; lastKnownFileType = sourcecode.c.h; path = DDData.h; sourceTree = "<group>"; };
		39923CD3237D42EB00EBDAD8 /* HTTPServer.m */ = {isa = PBXFileReference; fileEncoding = 4; lastKnownFileType = sourcecode.c.objc; path = HTTPServer.m; sourceTree = "<group>"; };
		39923CE5237D431700EBDAD8 /* MyHTTPConnection.h */ = {isa = PBXFileReference; fileEncoding = 4; lastKnownFileType = sourcecode.c.h; path = MyHTTPConnection.h; sourceTree = "<group>"; };
		39923CE9237D431700EBDAD8 /* MyHTTPConnection.m */ = {isa = PBXFileReference; fileEncoding = 4; lastKnownFileType = sourcecode.c.objc; path = MyHTTPConnection.m; sourceTree = "<group>"; };
		39923CEE237D434300EBDAD8 /* DDTTYLogger.m */ = {isa = PBXFileReference; fileEncoding = 4; lastKnownFileType = sourcecode.c.objc; path = DDTTYLogger.m; sourceTree = "<group>"; };
		39923CEF237D434300EBDAD8 /* DDLog.h */ = {isa = PBXFileReference; fileEncoding = 4; lastKnownFileType = sourcecode.c.h; path = DDLog.h; sourceTree = "<group>"; };
		39923CF0237D434300EBDAD8 /* DDAbstractDatabaseLogger.h */ = {isa = PBXFileReference; fileEncoding = 4; lastKnownFileType = sourcecode.c.h; path = DDAbstractDatabaseLogger.h; sourceTree = "<group>"; };
		39923CF1237D434300EBDAD8 /* DDASLLogger.m */ = {isa = PBXFileReference; fileEncoding = 4; lastKnownFileType = sourcecode.c.objc; path = DDASLLogger.m; sourceTree = "<group>"; };
		39923CF2237D434300EBDAD8 /* DDFileLogger.h */ = {isa = PBXFileReference; fileEncoding = 4; lastKnownFileType = sourcecode.c.h; path = DDFileLogger.h; sourceTree = "<group>"; };
		39923CF4237D434300EBDAD8 /* ContextFilterLogFormatter.h */ = {isa = PBXFileReference; fileEncoding = 4; lastKnownFileType = sourcecode.c.h; path = ContextFilterLogFormatter.h; sourceTree = "<group>"; };
		39923CF5237D434300EBDAD8 /* DispatchQueueLogFormatter.h */ = {isa = PBXFileReference; fileEncoding = 4; lastKnownFileType = sourcecode.c.h; path = DispatchQueueLogFormatter.h; sourceTree = "<group>"; };
		39923CF6237D434300EBDAD8 /* ContextFilterLogFormatter.m */ = {isa = PBXFileReference; fileEncoding = 4; lastKnownFileType = sourcecode.c.objc; path = ContextFilterLogFormatter.m; sourceTree = "<group>"; };
		39923CF7237D434300EBDAD8 /* DispatchQueueLogFormatter.m */ = {isa = PBXFileReference; fileEncoding = 4; lastKnownFileType = sourcecode.c.objc; path = DispatchQueueLogFormatter.m; sourceTree = "<group>"; };
		39923CF8237D434300EBDAD8 /* README.txt */ = {isa = PBXFileReference; fileEncoding = 4; lastKnownFileType = text; path = README.txt; sourceTree = "<group>"; };
		39923CF9237D434300EBDAD8 /* DDLog.m */ = {isa = PBXFileReference; fileEncoding = 4; lastKnownFileType = sourcecode.c.objc; path = DDLog.m; sourceTree = "<group>"; };
		39923CFA237D434300EBDAD8 /* About.txt */ = {isa = PBXFileReference; fileEncoding = 4; lastKnownFileType = text; path = About.txt; sourceTree = "<group>"; };
		39923CFB237D434300EBDAD8 /* DDTTYLogger.h */ = {isa = PBXFileReference; fileEncoding = 4; lastKnownFileType = sourcecode.c.h; path = DDTTYLogger.h; sourceTree = "<group>"; };
		39923CFC237D434300EBDAD8 /* DDAbstractDatabaseLogger.m */ = {isa = PBXFileReference; fileEncoding = 4; lastKnownFileType = sourcecode.c.objc; path = DDAbstractDatabaseLogger.m; sourceTree = "<group>"; };
		39923CFD237D434300EBDAD8 /* DDFileLogger.m */ = {isa = PBXFileReference; fileEncoding = 4; lastKnownFileType = sourcecode.c.objc; path = DDFileLogger.m; sourceTree = "<group>"; };
		39923CFE237D434300EBDAD8 /* DDASLLogger.h */ = {isa = PBXFileReference; fileEncoding = 4; lastKnownFileType = sourcecode.c.h; path = DDASLLogger.h; sourceTree = "<group>"; };
		39923D00237D434300EBDAD8 /* GCDAsyncSocket.m */ = {isa = PBXFileReference; fileEncoding = 4; lastKnownFileType = sourcecode.c.objc; path = GCDAsyncSocket.m; sourceTree = "<group>"; };
		39923D02237D434300EBDAD8 /* GCDAsyncSocket.h */ = {isa = PBXFileReference; fileEncoding = 4; lastKnownFileType = sourcecode.c.h; path = GCDAsyncSocket.h; sourceTree = "<group>"; };
		39923D23237D4D8E00EBDAD8 /* web */ = {isa = PBXFileReference; lastKnownFileType = folder; path = web; sourceTree = "<group>"; };
		39923D25237D4EA500EBDAD8 /* Utils.h */ = {isa = PBXFileReference; lastKnownFileType = sourcecode.c.h; path = Utils.h; sourceTree = "<group>"; };
		39923D26237D4EA500EBDAD8 /* Utils.m */ = {isa = PBXFileReference; lastKnownFileType = sourcecode.c.objc; path = Utils.m; sourceTree = "<group>"; };
		39923D2A237D68AA00EBDAD8 /* AudioDetailController.xib */ = {isa = PBXFileReference; lastKnownFileType = file.xib; path = AudioDetailController.xib; sourceTree = "<group>"; };
		39923D2C237D6A9C00EBDAD8 /* HomeViewController.h */ = {isa = PBXFileReference; lastKnownFileType = sourcecode.c.h; path = HomeViewController.h; sourceTree = "<group>"; };
		39923D2D237D6A9C00EBDAD8 /* HomeViewController.m */ = {isa = PBXFileReference; lastKnownFileType = sourcecode.c.objc; path = HomeViewController.m; sourceTree = "<group>"; };
		39923D2E237D6A9C00EBDAD8 /* HomeViewController.xib */ = {isa = PBXFileReference; lastKnownFileType = file.xib; path = HomeViewController.xib; sourceTree = "<group>"; };
		39923D34237E596400EBDAD8 /* VideoCell.h */ = {isa = PBXFileReference; lastKnownFileType = sourcecode.c.h; path = VideoCell.h; sourceTree = "<group>"; };
		39923D35237E596400EBDAD8 /* VideoCell.m */ = {isa = PBXFileReference; lastKnownFileType = sourcecode.c.objc; path = VideoCell.m; sourceTree = "<group>"; };
		39923D36237E596400EBDAD8 /* VideoCell.xib */ = {isa = PBXFileReference; lastKnownFileType = file.xib; path = VideoCell.xib; sourceTree = "<group>"; };
		39923D3A237E5A4E00EBDAD8 /* UITableView+Extend.h */ = {isa = PBXFileReference; lastKnownFileType = sourcecode.c.h; path = "UITableView+Extend.h"; sourceTree = "<group>"; };
		39923D3B237E5A4F00EBDAD8 /* UITableView+Extend.m */ = {isa = PBXFileReference; lastKnownFileType = sourcecode.c.objc; path = "UITableView+Extend.m"; sourceTree = "<group>"; };
		39923D51237E7BB100EBDAD8 /* FileLogDao.h */ = {isa = PBXFileReference; lastKnownFileType = sourcecode.c.h; path = FileLogDao.h; sourceTree = "<group>"; };
		39923D52237E7BB100EBDAD8 /* FileLogDao.m */ = {isa = PBXFileReference; lastKnownFileType = sourcecode.c.objc; path = FileLogDao.m; sourceTree = "<group>"; };
		39923D54237E83EC00EBDAD8 /* BaseModel.h */ = {isa = PBXFileReference; lastKnownFileType = sourcecode.c.h; path = BaseModel.h; sourceTree = "<group>"; };
		39923D55237E83EC00EBDAD8 /* BaseModel.m */ = {isa = PBXFileReference; lastKnownFileType = sourcecode.c.objc; path = BaseModel.m; sourceTree = "<group>"; };
		39923D57237E84A900EBDAD8 /* FileModel.h */ = {isa = PBXFileReference; lastKnownFileType = sourcecode.c.h; path = FileModel.h; sourceTree = "<group>"; };
		39923D58237E84A900EBDAD8 /* FileModel.m */ = {isa = PBXFileReference; lastKnownFileType = sourcecode.c.objc; path = FileModel.m; sourceTree = "<group>"; };
		39923D5A237EA7C800EBDAD8 /* NSFileManager+Category.h */ = {isa = PBXFileReference; fileEncoding = 4; lastKnownFileType = sourcecode.c.h; path = "NSFileManager+Category.h"; sourceTree = "<group>"; };
		39923D5B237EA7C800EBDAD8 /* NSFileManager+Category.m */ = {isa = PBXFileReference; fileEncoding = 4; lastKnownFileType = sourcecode.c.objc; path = "NSFileManager+Category.m"; sourceTree = "<group>"; };
		39DF139C237C02E500BF04F8 /* XTLocalPlayer.app */ = {isa = PBXFileReference; explicitFileType = wrapper.application; includeInIndex = 0; path = XTLocalPlayer.app; sourceTree = BUILT_PRODUCTS_DIR; };
		39DF139F237C02E500BF04F8 /* AppDelegate.h */ = {isa = PBXFileReference; lastKnownFileType = sourcecode.c.h; path = AppDelegate.h; sourceTree = "<group>"; };
		39DF13A0237C02E500BF04F8 /* AppDelegate.m */ = {isa = PBXFileReference; lastKnownFileType = sourcecode.c.objc; path = AppDelegate.m; sourceTree = "<group>"; };
		39DF13A8237C02E500BF04F8 /* Assets.xcassets */ = {isa = PBXFileReference; lastKnownFileType = folder.assetcatalog; path = Assets.xcassets; sourceTree = "<group>"; };
		39DF13AB237C02E500BF04F8 /* Base */ = {isa = PBXFileReference; lastKnownFileType = file.storyboard; name = Base; path = Base.lproj/LaunchScreen.storyboard; sourceTree = "<group>"; };
		39DF13AD237C02E500BF04F8 /* Info.plist */ = {isa = PBXFileReference; lastKnownFileType = text.plist.xml; path = Info.plist; sourceTree = "<group>"; };
		39DF13AE237C02E500BF04F8 /* main.m */ = {isa = PBXFileReference; lastKnownFileType = sourcecode.c.objc; path = main.m; sourceTree = "<group>"; };
		39DF13BB237C05A900BF04F8 /* BaseViewController.h */ = {isa = PBXFileReference; lastKnownFileType = sourcecode.c.h; path = BaseViewController.h; sourceTree = "<group>"; };
		39DF13BC237C05A900BF04F8 /* BaseViewController.m */ = {isa = PBXFileReference; lastKnownFileType = sourcecode.c.objc; path = BaseViewController.m; sourceTree = "<group>"; };
		39DF13BE237C05B600BF04F8 /* UIViewController+AOP.h */ = {isa = PBXFileReference; fileEncoding = 4; lastKnownFileType = sourcecode.c.h; path = "UIViewController+AOP.h"; sourceTree = "<group>"; };
		39DF13BF237C05B600BF04F8 /* UIViewController+AOP.m */ = {isa = PBXFileReference; fileEncoding = 4; lastKnownFileType = sourcecode.c.objc; path = "UIViewController+AOP.m"; sourceTree = "<group>"; };
		39DF13C1237C05E100BF04F8 /* NavigationController.h */ = {isa = PBXFileReference; fileEncoding = 4; lastKnownFileType = sourcecode.c.h; path = NavigationController.h; sourceTree = "<group>"; };
		39DF13C2237C05E100BF04F8 /* NavigationController.m */ = {isa = PBXFileReference; fileEncoding = 4; lastKnownFileType = sourcecode.c.objc; path = NavigationController.m; sourceTree = "<group>"; };
		39DF13C6237C061700BF04F8 /* PrefixHeader.pch */ = {isa = PBXFileReference; lastKnownFileType = sourcecode.c.h; path = PrefixHeader.pch; sourceTree = "<group>"; };
		39DF13CA237C087800BF04F8 /* Setting.h */ = {isa = PBXFileReference; fileEncoding = 4; lastKnownFileType = sourcecode.c.h; path = Setting.h; sourceTree = "<group>"; };
		39DF13CB237C088B00BF04F8 /* Common.h */ = {isa = PBXFileReference; fileEncoding = 4; lastKnownFileType = sourcecode.c.h; path = Common.h; sourceTree = "<group>"; };
		39FBEB47237F93E9008DE3A8 /* SettingsViewController.h */ = {isa = PBXFileReference; lastKnownFileType = sourcecode.c.h; path = SettingsViewController.h; sourceTree = "<group>"; };
		39FBEB48237F93E9008DE3A8 /* SettingsViewController.m */ = {isa = PBXFileReference; lastKnownFileType = sourcecode.c.objc; path = SettingsViewController.m; sourceTree = "<group>"; };
		39FBEB49237F93E9008DE3A8 /* SettingsViewController.xib */ = {isa = PBXFileReference; lastKnownFileType = file.xib; path = SettingsViewController.xib; sourceTree = "<group>"; };
		39FBEB52237F99BC008DE3A8 /* ImpactFeedback.h */ = {isa = PBXFileReference; lastKnownFileType = sourcecode.c.h; path = ImpactFeedback.h; sourceTree = "<group>"; };
		39FBEB53237F99BC008DE3A8 /* ImpactFeedback.m */ = {isa = PBXFileReference; lastKnownFileType = sourcecode.c.objc; path = ImpactFeedback.m; sourceTree = "<group>"; };
		39FBEB55237FA090008DE3A8 /* Comets.h */ = {isa = PBXFileReference; lastKnownFileType = sourcecode.c.h; path = Comets.h; sourceTree = "<group>"; };
		39FBEB56237FA090008DE3A8 /* Comets.m */ = {isa = PBXFileReference; lastKnownFileType = sourcecode.c.objc; path = Comets.m; sourceTree = "<group>"; };
		39FBEB58237FA886008DE3A8 /* UIImage+Extend.h */ = {isa = PBXFileReference; lastKnownFileType = sourcecode.c.h; path = "UIImage+Extend.h"; sourceTree = "<group>"; };
		39FBEB59237FA886008DE3A8 /* UIImage+Extend.m */ = {isa = PBXFileReference; lastKnownFileType = sourcecode.c.objc; path = "UIImage+Extend.m"; sourceTree = "<group>"; };
		39FBEB68237FB120008DE3A8 /* LaunchView.h */ = {isa = PBXFileReference; lastKnownFileType = sourcecode.c.h; path = LaunchView.h; sourceTree = "<group>"; };
		39FBEB69237FB120008DE3A8 /* LaunchView.m */ = {isa = PBXFileReference; lastKnownFileType = sourcecode.c.objc; path = LaunchView.m; sourceTree = "<group>"; };
		39FBEB6E237FB1B9008DE3A8 /* AppDelegate+Launch.h */ = {isa = PBXFileReference; lastKnownFileType = sourcecode.c.h; path = "AppDelegate+Launch.h"; sourceTree = "<group>"; };
		39FBEB6F237FB1B9008DE3A8 /* AppDelegate+Launch.m */ = {isa = PBXFileReference; lastKnownFileType = sourcecode.c.objc; path = "AppDelegate+Launch.m"; sourceTree = "<group>"; };
		44973824B14B4C083E787DE0 /* Pods-XTLocalPlayer.debug.xcconfig */ = {isa = PBXFileReference; includeInIndex = 1; lastKnownFileType = text.xcconfig; name = "Pods-XTLocalPlayer.debug.xcconfig"; path = "Target Support Files/Pods-XTLocalPlayer/Pods-XTLocalPlayer.debug.xcconfig"; sourceTree = "<group>"; };
		4B13028723978B100069209E /* SettingsViewController.h */ = {isa = PBXFileReference; lastKnownFileType = sourcecode.c.h; path = SettingsViewController.h; sourceTree = "<group>"; };
		4B13028823978B100069209E /* SettingsViewController.m */ = {isa = PBXFileReference; lastKnownFileType = sourcecode.c.objc; path = SettingsViewController.m; sourceTree = "<group>"; };
		4B13028923978B100069209E /* SettingsViewController.xib */ = {isa = PBXFileReference; lastKnownFileType = file.xib; path = SettingsViewController.xib; sourceTree = "<group>"; };
		4B13028C23978B200069209E /* AboutViewController.h */ = {isa = PBXFileReference; lastKnownFileType = sourcecode.c.h; path = AboutViewController.h; sourceTree = "<group>"; };
		4B13028D23978B200069209E /* AboutViewController.m */ = {isa = PBXFileReference; lastKnownFileType = sourcecode.c.objc; path = AboutViewController.m; sourceTree = "<group>"; };
		4B13028E23978B200069209E /* AboutViewController.xib */ = {isa = PBXFileReference; lastKnownFileType = file.xib; path = AboutViewController.xib; sourceTree = "<group>"; };
		4B130296239794D60069209E /* UIView+NibCreatable.h */ = {isa = PBXFileReference; lastKnownFileType = sourcecode.c.h; path = "UIView+NibCreatable.h"; sourceTree = "<group>"; };
		4B130297239794D60069209E /* UIView+NibCreatable.m */ = {isa = PBXFileReference; lastKnownFileType = sourcecode.c.objc; path = "UIView+NibCreatable.m"; sourceTree = "<group>"; };
		4B1302A22397BB210069209E /* NormalView.h */ = {isa = PBXFileReference; lastKnownFileType = sourcecode.c.h; path = NormalView.h; sourceTree = "<group>"; };
		4B1302A32397BB210069209E /* NormalView.m */ = {isa = PBXFileReference; lastKnownFileType = sourcecode.c.objc; path = NormalView.m; sourceTree = "<group>"; };
		4B1302A52397BB2C0069209E /* NormalView.xib */ = {isa = PBXFileReference; lastKnownFileType = file.xib; path = NormalView.xib; sourceTree = "<group>"; };
		4B1302A72397C6150069209E /* NSString+Extend.h */ = {isa = PBXFileReference; lastKnownFileType = sourcecode.c.h; path = "NSString+Extend.h"; sourceTree = "<group>"; };
		4B1302A82397C6150069209E /* NSString+Extend.m */ = {isa = PBXFileReference; lastKnownFileType = sourcecode.c.objc; path = "NSString+Extend.m"; sourceTree = "<group>"; };
		E2D11304254F326B6FBEA159 /* Pods-XTLocalPlayer.release.xcconfig */ = {isa = PBXFileReference; includeInIndex = 1; lastKnownFileType = text.xcconfig; name = "Pods-XTLocalPlayer.release.xcconfig"; path = "Target Support Files/Pods-XTLocalPlayer/Pods-XTLocalPlayer.release.xcconfig"; sourceTree = "<group>"; };
		F9AF23AEAF8825989511FD28 /* Pods_XTLocalPlayer.framework */ = {isa = PBXFileReference; explicitFileType = wrapper.framework; includeInIndex = 0; path = Pods_XTLocalPlayer.framework; sourceTree = BUILT_PRODUCTS_DIR; };
/* End PBXFileReference section */

/* Begin PBXFrameworksBuildPhase section */
		39DF1399237C02E500BF04F8 /* Frameworks */ = {
			isa = PBXFrameworksBuildPhase;
			buildActionMask = 2147483647;
			files = (
				2CD3A785A3B046ABD83DB550 /* Pods_XTLocalPlayer.framework in Frameworks */,
			);
			runOnlyForDeploymentPostprocessing = 0;
		};
/* End PBXFrameworksBuildPhase section */

/* Begin PBXGroup section */
		212C13C3CF1635ECECBE2843 /* Pods */ = {
			isa = PBXGroup;
			children = (
				44973824B14B4C083E787DE0 /* Pods-XTLocalPlayer.debug.xcconfig */,
				E2D11304254F326B6FBEA159 /* Pods-XTLocalPlayer.release.xcconfig */,
			);
			path = Pods;
			sourceTree = "<group>";
		};
		39923C83237CF37E00EBDAD8 /* Components */ = {
			isa = PBXGroup;
			children = (
				39FBEB4C237F98A7008DE3A8 /* VideoPlayerView */,
				39FBEB71237FB221008DE3A8 /* PopMenu */,
				39FBEB51237F98DF008DE3A8 /* Impact */,
				39FBEB4D237F98C2008DE3A8 /* Comets */,
			);
			name = Components;
			sourceTree = "<group>";
		};
		39923CAB237D42CF00EBDAD8 /* HttpServer */ = {
			isa = PBXGroup;
			children = (
				39923CFF237D434300EBDAD8 /* CocoaAsyncSocket */,
				39923CED237D434300EBDAD8 /* CocoaLumberjack */,
				39923CE5237D431700EBDAD8 /* MyHTTPConnection.h */,
				39923CE9237D431700EBDAD8 /* MyHTTPConnection.m */,
				39923D23237D4D8E00EBDAD8 /* web */,
				39923CAC237D42EB00EBDAD8 /* Core */,
			);
			path = HttpServer;
			sourceTree = "<group>";
		};
		39923CAC237D42EB00EBDAD8 /* Core */ = {
			isa = PBXGroup;
			children = (
				39923CAD237D42EB00EBDAD8 /* HTTPConnection.h */,
				39923CAE237D42EB00EBDAD8 /* HTTPLogging.h */,
				39923CAF237D42EB00EBDAD8 /* HTTPMessage.h */,
				39923CB0237D42EB00EBDAD8 /* WebSocket.h */,
				39923CB1237D42EB00EBDAD8 /* HTTPAuthenticationRequest.h */,
				39923CB2237D42EB00EBDAD8 /* Responses */,
				39923CBF237D42EB00EBDAD8 /* HTTPServer.h */,
				39923CC0237D42EB00EBDAD8 /* HTTPMessage.m */,
				39923CC1237D42EB00EBDAD8 /* HTTPConnection.m */,
				39923CC2237D42EB00EBDAD8 /* WebSocket.m */,
				39923CC3237D42EB00EBDAD8 /* HTTPResponse.h */,
				39923CC4237D42EB00EBDAD8 /* Mime */,
				39923CCB237D42EB00EBDAD8 /* HTTPAuthenticationRequest.m */,
				39923CCC237D42EB00EBDAD8 /* Categories */,
				39923CD3237D42EB00EBDAD8 /* HTTPServer.m */,
			);
			path = Core;
			sourceTree = "<group>";
		};
		39923CB2237D42EB00EBDAD8 /* Responses */ = {
			isa = PBXGroup;
			children = (
				39923CB3237D42EB00EBDAD8 /* HTTPAsyncFileResponse.h */,
				39923CB4237D42EB00EBDAD8 /* HTTPErrorResponse.m */,
				39923CB5237D42EB00EBDAD8 /* HTTPDataResponse.m */,
				39923CB6237D42EB00EBDAD8 /* HTTPRedirectResponse.h */,
				39923CB7237D42EB00EBDAD8 /* HTTPDynamicFileResponse.m */,
				39923CB8237D42EB00EBDAD8 /* HTTPFileResponse.m */,
				39923CB9237D42EB00EBDAD8 /* HTTPAsyncFileResponse.m */,
				39923CBA237D42EB00EBDAD8 /* HTTPRedirectResponse.m */,
				39923CBB237D42EB00EBDAD8 /* HTTPDataResponse.h */,
				39923CBC237D42EB00EBDAD8 /* HTTPErrorResponse.h */,
				39923CBD237D42EB00EBDAD8 /* HTTPFileResponse.h */,
				39923CBE237D42EB00EBDAD8 /* HTTPDynamicFileResponse.h */,
			);
			path = Responses;
			sourceTree = "<group>";
		};
		39923CC4237D42EB00EBDAD8 /* Mime */ = {
			isa = PBXGroup;
			children = (
				39923CC5237D42EB00EBDAD8 /* MultipartFormDataParser.h */,
				39923CC6237D42EB00EBDAD8 /* MultipartMessageHeader.h */,
				39923CC7237D42EB00EBDAD8 /* MultipartMessageHeaderField.m */,
				39923CC8237D42EB00EBDAD8 /* MultipartFormDataParser.m */,
				39923CC9237D42EB00EBDAD8 /* MultipartMessageHeader.m */,
				39923CCA237D42EB00EBDAD8 /* MultipartMessageHeaderField.h */,
			);
			path = Mime;
			sourceTree = "<group>";
		};
		39923CCC237D42EB00EBDAD8 /* Categories */ = {
			isa = PBXGroup;
			children = (
				39923CCD237D42EB00EBDAD8 /* DDNumber.m */,
				39923CCE237D42EB00EBDAD8 /* DDData.m */,
				39923CCF237D42EB00EBDAD8 /* DDRange.h */,
				39923CD0237D42EB00EBDAD8 /* DDNumber.h */,
				39923CD1237D42EB00EBDAD8 /* DDRange.m */,
				39923CD2237D42EB00EBDAD8 /* DDData.h */,
			);
			path = Categories;
			sourceTree = "<group>";
		};
		39923CED237D434300EBDAD8 /* CocoaLumberjack */ = {
			isa = PBXGroup;
			children = (
				39923CEE237D434300EBDAD8 /* DDTTYLogger.m */,
				39923CEF237D434300EBDAD8 /* DDLog.h */,
				39923CF0237D434300EBDAD8 /* DDAbstractDatabaseLogger.h */,
				39923CF1237D434300EBDAD8 /* DDASLLogger.m */,
				39923CF2237D434300EBDAD8 /* DDFileLogger.h */,
				39923CF3237D434300EBDAD8 /* Extensions */,
				39923CF9237D434300EBDAD8 /* DDLog.m */,
				39923CFA237D434300EBDAD8 /* About.txt */,
				39923CFB237D434300EBDAD8 /* DDTTYLogger.h */,
				39923CFC237D434300EBDAD8 /* DDAbstractDatabaseLogger.m */,
				39923CFD237D434300EBDAD8 /* DDFileLogger.m */,
				39923CFE237D434300EBDAD8 /* DDASLLogger.h */,
			);
			path = CocoaLumberjack;
			sourceTree = "<group>";
		};
		39923CF3237D434300EBDAD8 /* Extensions */ = {
			isa = PBXGroup;
			children = (
				39923CF4237D434300EBDAD8 /* ContextFilterLogFormatter.h */,
				39923CF5237D434300EBDAD8 /* DispatchQueueLogFormatter.h */,
				39923CF6237D434300EBDAD8 /* ContextFilterLogFormatter.m */,
				39923CF7237D434300EBDAD8 /* DispatchQueueLogFormatter.m */,
				39923CF8237D434300EBDAD8 /* README.txt */,
			);
			path = Extensions;
			sourceTree = "<group>";
		};
		39923CFF237D434300EBDAD8 /* CocoaAsyncSocket */ = {
			isa = PBXGroup;
			children = (
				39923D00237D434300EBDAD8 /* GCDAsyncSocket.m */,
				39923D02237D434300EBDAD8 /* GCDAsyncSocket.h */,
			);
			path = CocoaAsyncSocket;
			sourceTree = "<group>";
		};
		39923D39237E5A2600EBDAD8 /* Category */ = {
			isa = PBXGroup;
			children = (
				39923D3A237E5A4E00EBDAD8 /* UITableView+Extend.h */,
				39923D3B237E5A4F00EBDAD8 /* UITableView+Extend.m */,
				39923D5A237EA7C800EBDAD8 /* NSFileManager+Category.h */,
				39923D5B237EA7C800EBDAD8 /* NSFileManager+Category.m */,
<<<<<<< HEAD
				39FBEB58237FA886008DE3A8 /* UIImage+Extend.h */,
				39FBEB59237FA886008DE3A8 /* UIImage+Extend.m */,
=======
				4B130296239794D60069209E /* UIView+NibCreatable.h */,
				4B130297239794D60069209E /* UIView+NibCreatable.m */,
				4B1302A72397C6150069209E /* NSString+Extend.h */,
				4B1302A82397C6150069209E /* NSString+Extend.m */,
>>>>>>> exp
			);
			name = Category;
			sourceTree = "<group>";
		};
		39923D3D237E5FC000EBDAD8 /* Views */ = {
			isa = PBXGroup;
			children = (
				39923D34237E596400EBDAD8 /* VideoCell.h */,
				39923D35237E596400EBDAD8 /* VideoCell.m */,
				39923D36237E596400EBDAD8 /* VideoCell.xib */,
			);
			name = Views;
			sourceTree = "<group>";
		};
		39923D3F237E5FDF00EBDAD8 /* Entity */ = {
			isa = PBXGroup;
			children = (
				39923D54237E83EC00EBDAD8 /* BaseModel.h */,
				39923D55237E83EC00EBDAD8 /* BaseModel.m */,
				39923D57237E84A900EBDAD8 /* FileModel.h */,
				39923D58237E84A900EBDAD8 /* FileModel.m */,
			);
			name = Entity;
			sourceTree = "<group>";
		};
		39923D40237E73CF00EBDAD8 /* DAO */ = {
			isa = PBXGroup;
			children = (
				39923D51237E7BB100EBDAD8 /* FileLogDao.h */,
				39923D52237E7BB100EBDAD8 /* FileLogDao.m */,
			);
			name = DAO;
			sourceTree = "<group>";
		};
		39923D5D237EE72200EBDAD8 /* Others */ = {
			isa = PBXGroup;
			children = (
				39DF13A8237C02E500BF04F8 /* Assets.xcassets */,
				39DF13AA237C02E500BF04F8 /* LaunchScreen.storyboard */,
				39DF13AD237C02E500BF04F8 /* Info.plist */,
				39DF13AE237C02E500BF04F8 /* main.m */,
			);
			name = Others;
			sourceTree = "<group>";
		};
		39DF1393237C02E500BF04F8 = {
			isa = PBXGroup;
			children = (
				39DF139E237C02E500BF04F8 /* XTLocalPlayer */,
				39DF139D237C02E500BF04F8 /* Products */,
				212C13C3CF1635ECECBE2843 /* Pods */,
				3CF9ABC8061907A687A202A1 /* Frameworks */,
			);
			sourceTree = "<group>";
		};
		39DF139D237C02E500BF04F8 /* Products */ = {
			isa = PBXGroup;
			children = (
				39DF139C237C02E500BF04F8 /* XTLocalPlayer.app */,
			);
			name = Products;
			sourceTree = "<group>";
		};
		39DF139E237C02E500BF04F8 /* XTLocalPlayer */ = {
			isa = PBXGroup;
			children = (
				39923CAB237D42CF00EBDAD8 /* HttpServer */,
				39923C83237CF37E00EBDAD8 /* Components */,
				39DF13B5237C051600BF04F8 /* Utils */,
				39923D40237E73CF00EBDAD8 /* DAO */,
				39923D3F237E5FDF00EBDAD8 /* Entity */,
				39DF13B7237C052900BF04F8 /* Module */,
				39DF13B8237C053F00BF04F8 /* Sources */,
				39DF139F237C02E500BF04F8 /* AppDelegate.h */,
				39DF13A0237C02E500BF04F8 /* AppDelegate.m */,
				39FBEB6E237FB1B9008DE3A8 /* AppDelegate+Launch.h */,
				39FBEB6F237FB1B9008DE3A8 /* AppDelegate+Launch.m */,
			);
			path = XTLocalPlayer;
			sourceTree = "<group>";
		};
		39DF13B5237C051600BF04F8 /* Utils */ = {
			isa = PBXGroup;
			children = (
				39923D39237E5A2600EBDAD8 /* Category */,
				39923D25237D4EA500EBDAD8 /* Utils.h */,
				39923D26237D4EA500EBDAD8 /* Utils.m */,
			);
			name = Utils;
			sourceTree = "<group>";
		};
		39DF13B7237C052900BF04F8 /* Module */ = {
			isa = PBXGroup;
			children = (
				39DF13C4237C05F200BF04F8 /* Base */,
				39FBEB67237FB10E008DE3A8 /* Login */,
				39DF13C5237C060200BF04F8 /* Home */,
			);
			name = Module;
			sourceTree = "<group>";
		};
		39DF13B8237C053F00BF04F8 /* Sources */ = {
			isa = PBXGroup;
			children = (
				39923D5D237EE72200EBDAD8 /* Others */,
				39DF13BA237C057300BF04F8 /* pch */,
			);
			name = Sources;
			sourceTree = "<group>";
		};
		39DF13BA237C057300BF04F8 /* pch */ = {
			isa = PBXGroup;
			children = (
				39DF13C6237C061700BF04F8 /* PrefixHeader.pch */,
				39DF13CB237C088B00BF04F8 /* Common.h */,
				39DF13CA237C087800BF04F8 /* Setting.h */,
			);
			name = pch;
			sourceTree = "<group>";
		};
		39DF13C4237C05F200BF04F8 /* Base */ = {
			isa = PBXGroup;
			children = (
				39DF13BB237C05A900BF04F8 /* BaseViewController.h */,
				39DF13BC237C05A900BF04F8 /* BaseViewController.m */,
				39DF13C1237C05E100BF04F8 /* NavigationController.h */,
				39DF13C2237C05E100BF04F8 /* NavigationController.m */,
				39DF13BE237C05B600BF04F8 /* UIViewController+AOP.h */,
				39DF13BF237C05B600BF04F8 /* UIViewController+AOP.m */,
			);
			name = Base;
			sourceTree = "<group>";
		};
		39DF13C5237C060200BF04F8 /* Home */ = {
			isa = PBXGroup;
			children = (
				39923D2C237D6A9C00EBDAD8 /* HomeViewController.h */,
				39923D2D237D6A9C00EBDAD8 /* HomeViewController.m */,
				39923D2E237D6A9C00EBDAD8 /* HomeViewController.xib */,
				39923C99237D264700EBDAD8 /* AudioDetailController.h */,
				39923C9A237D264700EBDAD8 /* AudioDetailController.m */,
				39923D2A237D68AA00EBDAD8 /* AudioDetailController.xib */,
				39923C9F237D2EC000EBDAD8 /* TransportViewController.h */,
				39923CA0237D2EC000EBDAD8 /* TransportViewController.m */,
				39923CA1237D2EC000EBDAD8 /* TransportViewController.xib */,
<<<<<<< HEAD
				39FBEB47237F93E9008DE3A8 /* SettingsViewController.h */,
				39FBEB48237F93E9008DE3A8 /* SettingsViewController.m */,
				39FBEB49237F93E9008DE3A8 /* SettingsViewController.xib */,
=======
				4B13028723978B100069209E /* SettingsViewController.h */,
				4B13028823978B100069209E /* SettingsViewController.m */,
				4B13028923978B100069209E /* SettingsViewController.xib */,
				4B13028C23978B200069209E /* AboutViewController.h */,
				4B13028D23978B200069209E /* AboutViewController.m */,
				4B13028E23978B200069209E /* AboutViewController.xib */,
				4B1302A22397BB210069209E /* NormalView.h */,
				4B1302A32397BB210069209E /* NormalView.m */,
				4B1302A52397BB2C0069209E /* NormalView.xib */,
>>>>>>> exp
				39923D3D237E5FC000EBDAD8 /* Views */,
			);
			name = Home;
			sourceTree = "<group>";
		};
		39FBEB4C237F98A7008DE3A8 /* VideoPlayerView */ = {
			isa = PBXGroup;
			children = (
				39923C8D237CFFCA00EBDAD8 /* ZFCustomControlView1.h */,
				39923C8E237CFFCA00EBDAD8 /* ZFCustomControlView1.m */,
			);
			name = VideoPlayerView;
			sourceTree = "<group>";
		};
		39FBEB4D237F98C2008DE3A8 /* Comets */ = {
			isa = PBXGroup;
			children = (
				39FBEB55237FA090008DE3A8 /* Comets.h */,
				39FBEB56237FA090008DE3A8 /* Comets.m */,
			);
			name = Comets;
			sourceTree = "<group>";
		};
		39FBEB51237F98DF008DE3A8 /* Impact */ = {
			isa = PBXGroup;
			children = (
				39FBEB52237F99BC008DE3A8 /* ImpactFeedback.h */,
				39FBEB53237F99BC008DE3A8 /* ImpactFeedback.m */,
			);
			name = Impact;
			sourceTree = "<group>";
		};
		39FBEB67237FB10E008DE3A8 /* Login */ = {
			isa = PBXGroup;
			children = (
				39FBEB68237FB120008DE3A8 /* LaunchView.h */,
				39FBEB69237FB120008DE3A8 /* LaunchView.m */,
			);
			name = Login;
			sourceTree = "<group>";
		};
		39FBEB71237FB221008DE3A8 /* PopMenu */ = {
			isa = PBXGroup;
			children = (
				39923C91237D1B1C00EBDAD8 /* JPPopMenuView.h */,
				39923C90237D1B1C00EBDAD8 /* JPPopMenuView.m */,
			);
			name = PopMenu;
			sourceTree = "<group>";
		};
		3CF9ABC8061907A687A202A1 /* Frameworks */ = {
			isa = PBXGroup;
			children = (
				F9AF23AEAF8825989511FD28 /* Pods_XTLocalPlayer.framework */,
			);
			name = Frameworks;
			sourceTree = "<group>";
		};
/* End PBXGroup section */

/* Begin PBXNativeTarget section */
		39DF139B237C02E500BF04F8 /* XTLocalPlayer */ = {
			isa = PBXNativeTarget;
			buildConfigurationList = 39DF13B2237C02E500BF04F8 /* Build configuration list for PBXNativeTarget "XTLocalPlayer" */;
			buildPhases = (
				4EA8E52EE080D5756C56EEDC /* [CP] Check Pods Manifest.lock */,
				39DF1398237C02E500BF04F8 /* Sources */,
				39DF1399237C02E500BF04F8 /* Frameworks */,
				39DF139A237C02E500BF04F8 /* Resources */,
				B501C7D51941B2391F21F456 /* [CP] Embed Pods Frameworks */,
			);
			buildRules = (
			);
			dependencies = (
			);
			name = XTLocalPlayer;
			productName = XTLocalPlayer;
			productReference = 39DF139C237C02E500BF04F8 /* XTLocalPlayer.app */;
			productType = "com.apple.product-type.application";
		};
/* End PBXNativeTarget section */

/* Begin PBXProject section */
		39DF1394237C02E500BF04F8 /* Project object */ = {
			isa = PBXProject;
			attributes = {
				LastUpgradeCheck = 1020;
				ORGANIZATIONNAME = "Paul Gao";
				TargetAttributes = {
					39DF139B237C02E500BF04F8 = {
						CreatedOnToolsVersion = 10.2.1;
						LastSwiftMigration = 1020;
					};
				};
			};
			buildConfigurationList = 39DF1397237C02E500BF04F8 /* Build configuration list for PBXProject "XTLocalPlayer" */;
			compatibilityVersion = "Xcode 9.3";
			developmentRegion = en;
			hasScannedForEncodings = 0;
			knownRegions = (
				en,
				Base,
			);
			mainGroup = 39DF1393237C02E500BF04F8;
			productRefGroup = 39DF139D237C02E500BF04F8 /* Products */;
			projectDirPath = "";
			projectRoot = "";
			targets = (
				39DF139B237C02E500BF04F8 /* XTLocalPlayer */,
			);
		};
/* End PBXProject section */

/* Begin PBXResourcesBuildPhase section */
		39DF139A237C02E500BF04F8 /* Resources */ = {
			isa = PBXResourcesBuildPhase;
			buildActionMask = 2147483647;
			files = (
				39923D2B237D68AA00EBDAD8 /* AudioDetailController.xib in Resources */,
				4B1302A62397BB2C0069209E /* NormalView.xib in Resources */,
				39923D07237D434300EBDAD8 /* README.txt in Resources */,
				39923D38237E596400EBDAD8 /* VideoCell.xib in Resources */,
				39923CA3237D2EC000EBDAD8 /* TransportViewController.xib in Resources */,
				39923D09237D434300EBDAD8 /* About.txt in Resources */,
				39923D24237D4D8E00EBDAD8 /* web in Resources */,
				39DF13AC237C02E500BF04F8 /* LaunchScreen.storyboard in Resources */,
				39DF13A9237C02E500BF04F8 /* Assets.xcassets in Resources */,
				39923D30237D6A9C00EBDAD8 /* HomeViewController.xib in Resources */,
<<<<<<< HEAD
				39FBEB4B237F93E9008DE3A8 /* SettingsViewController.xib in Resources */,
=======
				4B13029023978B200069209E /* AboutViewController.xib in Resources */,
				4B13028B23978B100069209E /* SettingsViewController.xib in Resources */,
>>>>>>> exp
			);
			runOnlyForDeploymentPostprocessing = 0;
		};
/* End PBXResourcesBuildPhase section */

/* Begin PBXShellScriptBuildPhase section */
		4EA8E52EE080D5756C56EEDC /* [CP] Check Pods Manifest.lock */ = {
			isa = PBXShellScriptBuildPhase;
			buildActionMask = 2147483647;
			files = (
			);
			inputFileListPaths = (
			);
			inputPaths = (
				"${PODS_PODFILE_DIR_PATH}/Podfile.lock",
				"${PODS_ROOT}/Manifest.lock",
			);
			name = "[CP] Check Pods Manifest.lock";
			outputFileListPaths = (
			);
			outputPaths = (
				"$(DERIVED_FILE_DIR)/Pods-XTLocalPlayer-checkManifestLockResult.txt",
			);
			runOnlyForDeploymentPostprocessing = 0;
			shellPath = /bin/sh;
			shellScript = "diff \"${PODS_PODFILE_DIR_PATH}/Podfile.lock\" \"${PODS_ROOT}/Manifest.lock\" > /dev/null\nif [ $? != 0 ] ; then\n    # print error to STDERR\n    echo \"error: The sandbox is not in sync with the Podfile.lock. Run 'pod install' or update your CocoaPods installation.\" >&2\n    exit 1\nfi\n# This output is used by Xcode 'outputs' to avoid re-running this script phase.\necho \"SUCCESS\" > \"${SCRIPT_OUTPUT_FILE_0}\"\n";
			showEnvVarsInLog = 0;
		};
		B501C7D51941B2391F21F456 /* [CP] Embed Pods Frameworks */ = {
			isa = PBXShellScriptBuildPhase;
			buildActionMask = 2147483647;
			files = (
			);
			inputFileListPaths = (
				"${PODS_ROOT}/Target Support Files/Pods-XTLocalPlayer/Pods-XTLocalPlayer-frameworks-${CONFIGURATION}-input-files.xcfilelist",
			);
			name = "[CP] Embed Pods Frameworks";
			outputFileListPaths = (
				"${PODS_ROOT}/Target Support Files/Pods-XTLocalPlayer/Pods-XTLocalPlayer-frameworks-${CONFIGURATION}-output-files.xcfilelist",
			);
			runOnlyForDeploymentPostprocessing = 0;
			shellPath = /bin/sh;
			shellScript = "\"${PODS_ROOT}/Target Support Files/Pods-XTLocalPlayer/Pods-XTLocalPlayer-frameworks.sh\"\n";
			showEnvVarsInLog = 0;
		};
/* End PBXShellScriptBuildPhase section */

/* Begin PBXSourcesBuildPhase section */
		39DF1398237C02E500BF04F8 /* Sources */ = {
			isa = PBXSourcesBuildPhase;
			buildActionMask = 2147483647;
			files = (
				39DF13AF237C02E500BF04F8 /* main.m in Sources */,
				39FBEB5A237FA886008DE3A8 /* UIImage+Extend.m in Sources */,
				39923CDD237D42EB00EBDAD8 /* MultipartMessageHeaderField.m in Sources */,
				39923CDC237D42EB00EBDAD8 /* WebSocket.m in Sources */,
				39923CE3237D42EB00EBDAD8 /* DDRange.m in Sources */,
				39923D0A237D434300EBDAD8 /* DDAbstractDatabaseLogger.m in Sources */,
				39923CDA237D42EB00EBDAD8 /* HTTPMessage.m in Sources */,
				39923C8F237CFFCA00EBDAD8 /* ZFCustomControlView1.m in Sources */,
				39923D0C237D434300EBDAD8 /* GCDAsyncSocket.m in Sources */,
				39923D08237D434300EBDAD8 /* DDLog.m in Sources */,
				39923CE2237D42EB00EBDAD8 /* DDData.m in Sources */,
				39DF13C0237C05B600BF04F8 /* UIViewController+AOP.m in Sources */,
				4B130298239794D60069209E /* UIView+NibCreatable.m in Sources */,
				39923D04237D434300EBDAD8 /* DDASLLogger.m in Sources */,
				39FBEB6A237FB120008DE3A8 /* LaunchView.m in Sources */,
				39FBEB57237FA090008DE3A8 /* Comets.m in Sources */,
				39FBEB4A237F93E9008DE3A8 /* SettingsViewController.m in Sources */,
				39923C92237D1B1C00EBDAD8 /* JPPopMenuView.m in Sources */,
				39923CEC237D431700EBDAD8 /* MyHTTPConnection.m in Sources */,
				39923CD9237D42EB00EBDAD8 /* HTTPRedirectResponse.m in Sources */,
				39923CDF237D42EB00EBDAD8 /* MultipartMessageHeader.m in Sources */,
				39923D3C237E5A4F00EBDAD8 /* UITableView+Extend.m in Sources */,
				39923CA2237D2EC000EBDAD8 /* TransportViewController.m in Sources */,
				39DF13C3237C05E100BF04F8 /* NavigationController.m in Sources */,
				4B13028A23978B100069209E /* SettingsViewController.m in Sources */,
				39923D27237D4EA500EBDAD8 /* Utils.m in Sources */,
				39923CD4237D42EB00EBDAD8 /* HTTPErrorResponse.m in Sources */,
				4B1302A92397C6150069209E /* NSString+Extend.m in Sources */,
				39923D53237E7BB100EBDAD8 /* FileLogDao.m in Sources */,
				39923CE1237D42EB00EBDAD8 /* DDNumber.m in Sources */,
				39923CDB237D42EB00EBDAD8 /* HTTPConnection.m in Sources */,
				4B1302A42397BB210069209E /* NormalView.m in Sources */,
				39923D06237D434300EBDAD8 /* DispatchQueueLogFormatter.m in Sources */,
				39923CDE237D42EB00EBDAD8 /* MultipartFormDataParser.m in Sources */,
				39923CE0237D42EB00EBDAD8 /* HTTPAuthenticationRequest.m in Sources */,
				39923C9B237D264700EBDAD8 /* AudioDetailController.m in Sources */,
				39923D0B237D434300EBDAD8 /* DDFileLogger.m in Sources */,
				39923D03237D434300EBDAD8 /* DDTTYLogger.m in Sources */,
				39923D56237E83EC00EBDAD8 /* BaseModel.m in Sources */,
				39FBEB70237FB1B9008DE3A8 /* AppDelegate+Launch.m in Sources */,
				39FBEB54237F99BC008DE3A8 /* ImpactFeedback.m in Sources */,
				39923D05237D434300EBDAD8 /* ContextFilterLogFormatter.m in Sources */,
				39DF13BD237C05A900BF04F8 /* BaseViewController.m in Sources */,
				39923D59237E84A900EBDAD8 /* FileModel.m in Sources */,
				39923CD5237D42EB00EBDAD8 /* HTTPDataResponse.m in Sources */,
				4B13028F23978B200069209E /* AboutViewController.m in Sources */,
				39923D2F237D6A9C00EBDAD8 /* HomeViewController.m in Sources */,
				39923D37237E596400EBDAD8 /* VideoCell.m in Sources */,
				39DF13A1237C02E500BF04F8 /* AppDelegate.m in Sources */,
				39923CD6237D42EB00EBDAD8 /* HTTPDynamicFileResponse.m in Sources */,
				39923CD7237D42EB00EBDAD8 /* HTTPFileResponse.m in Sources */,
				39923D5C237EA7C800EBDAD8 /* NSFileManager+Category.m in Sources */,
				39923CE4237D42EB00EBDAD8 /* HTTPServer.m in Sources */,
				39923CD8237D42EB00EBDAD8 /* HTTPAsyncFileResponse.m in Sources */,
			);
			runOnlyForDeploymentPostprocessing = 0;
		};
/* End PBXSourcesBuildPhase section */

/* Begin PBXVariantGroup section */
		39DF13AA237C02E500BF04F8 /* LaunchScreen.storyboard */ = {
			isa = PBXVariantGroup;
			children = (
				39DF13AB237C02E500BF04F8 /* Base */,
			);
			name = LaunchScreen.storyboard;
			sourceTree = "<group>";
		};
/* End PBXVariantGroup section */

/* Begin XCBuildConfiguration section */
		39DF13B0237C02E500BF04F8 /* Debug */ = {
			isa = XCBuildConfiguration;
			buildSettings = {
				ALWAYS_SEARCH_USER_PATHS = NO;
				CLANG_ANALYZER_NONNULL = YES;
				CLANG_ANALYZER_NUMBER_OBJECT_CONVERSION = YES_AGGRESSIVE;
				CLANG_CXX_LANGUAGE_STANDARD = "gnu++14";
				CLANG_CXX_LIBRARY = "libc++";
				CLANG_ENABLE_MODULES = YES;
				CLANG_ENABLE_OBJC_ARC = YES;
				CLANG_ENABLE_OBJC_WEAK = YES;
				CLANG_WARN_BLOCK_CAPTURE_AUTORELEASING = YES;
				CLANG_WARN_BOOL_CONVERSION = YES;
				CLANG_WARN_COMMA = YES;
				CLANG_WARN_CONSTANT_CONVERSION = YES;
				CLANG_WARN_DEPRECATED_OBJC_IMPLEMENTATIONS = YES;
				CLANG_WARN_DIRECT_OBJC_ISA_USAGE = YES_ERROR;
				CLANG_WARN_DOCUMENTATION_COMMENTS = YES;
				CLANG_WARN_EMPTY_BODY = YES;
				CLANG_WARN_ENUM_CONVERSION = YES;
				CLANG_WARN_INFINITE_RECURSION = YES;
				CLANG_WARN_INT_CONVERSION = YES;
				CLANG_WARN_NON_LITERAL_NULL_CONVERSION = YES;
				CLANG_WARN_OBJC_IMPLICIT_RETAIN_SELF = YES;
				CLANG_WARN_OBJC_LITERAL_CONVERSION = YES;
				CLANG_WARN_OBJC_ROOT_CLASS = YES_ERROR;
				CLANG_WARN_RANGE_LOOP_ANALYSIS = YES;
				CLANG_WARN_STRICT_PROTOTYPES = YES;
				CLANG_WARN_SUSPICIOUS_MOVE = YES;
				CLANG_WARN_UNGUARDED_AVAILABILITY = YES_AGGRESSIVE;
				CLANG_WARN_UNREACHABLE_CODE = YES;
				CLANG_WARN__DUPLICATE_METHOD_MATCH = YES;
				CODE_SIGN_IDENTITY = "iPhone Developer";
				COPY_PHASE_STRIP = NO;
				DEBUG_INFORMATION_FORMAT = dwarf;
				ENABLE_STRICT_OBJC_MSGSEND = YES;
				ENABLE_TESTABILITY = YES;
				GCC_C_LANGUAGE_STANDARD = gnu11;
				GCC_DYNAMIC_NO_PIC = NO;
				GCC_NO_COMMON_BLOCKS = YES;
				GCC_OPTIMIZATION_LEVEL = 0;
				GCC_PREPROCESSOR_DEFINITIONS = (
					"DEBUG=1",
					"$(inherited)",
				);
				GCC_WARN_64_TO_32_BIT_CONVERSION = YES;
				GCC_WARN_ABOUT_RETURN_TYPE = YES_ERROR;
				GCC_WARN_UNDECLARED_SELECTOR = YES;
				GCC_WARN_UNINITIALIZED_AUTOS = YES_AGGRESSIVE;
				GCC_WARN_UNUSED_FUNCTION = YES;
				GCC_WARN_UNUSED_VARIABLE = YES;
				IPHONEOS_DEPLOYMENT_TARGET = 9.0;
				MTL_ENABLE_DEBUG_INFO = INCLUDE_SOURCE;
				MTL_FAST_MATH = YES;
				ONLY_ACTIVE_ARCH = YES;
				SDKROOT = iphoneos;
			};
			name = Debug;
		};
		39DF13B1237C02E500BF04F8 /* Release */ = {
			isa = XCBuildConfiguration;
			buildSettings = {
				ALWAYS_SEARCH_USER_PATHS = NO;
				CLANG_ANALYZER_NONNULL = YES;
				CLANG_ANALYZER_NUMBER_OBJECT_CONVERSION = YES_AGGRESSIVE;
				CLANG_CXX_LANGUAGE_STANDARD = "gnu++14";
				CLANG_CXX_LIBRARY = "libc++";
				CLANG_ENABLE_MODULES = YES;
				CLANG_ENABLE_OBJC_ARC = YES;
				CLANG_ENABLE_OBJC_WEAK = YES;
				CLANG_WARN_BLOCK_CAPTURE_AUTORELEASING = YES;
				CLANG_WARN_BOOL_CONVERSION = YES;
				CLANG_WARN_COMMA = YES;
				CLANG_WARN_CONSTANT_CONVERSION = YES;
				CLANG_WARN_DEPRECATED_OBJC_IMPLEMENTATIONS = YES;
				CLANG_WARN_DIRECT_OBJC_ISA_USAGE = YES_ERROR;
				CLANG_WARN_DOCUMENTATION_COMMENTS = YES;
				CLANG_WARN_EMPTY_BODY = YES;
				CLANG_WARN_ENUM_CONVERSION = YES;
				CLANG_WARN_INFINITE_RECURSION = YES;
				CLANG_WARN_INT_CONVERSION = YES;
				CLANG_WARN_NON_LITERAL_NULL_CONVERSION = YES;
				CLANG_WARN_OBJC_IMPLICIT_RETAIN_SELF = YES;
				CLANG_WARN_OBJC_LITERAL_CONVERSION = YES;
				CLANG_WARN_OBJC_ROOT_CLASS = YES_ERROR;
				CLANG_WARN_RANGE_LOOP_ANALYSIS = YES;
				CLANG_WARN_STRICT_PROTOTYPES = YES;
				CLANG_WARN_SUSPICIOUS_MOVE = YES;
				CLANG_WARN_UNGUARDED_AVAILABILITY = YES_AGGRESSIVE;
				CLANG_WARN_UNREACHABLE_CODE = YES;
				CLANG_WARN__DUPLICATE_METHOD_MATCH = YES;
				CODE_SIGN_IDENTITY = "iPhone Developer";
				COPY_PHASE_STRIP = NO;
				DEBUG_INFORMATION_FORMAT = "dwarf-with-dsym";
				ENABLE_NS_ASSERTIONS = NO;
				ENABLE_STRICT_OBJC_MSGSEND = YES;
				GCC_C_LANGUAGE_STANDARD = gnu11;
				GCC_NO_COMMON_BLOCKS = YES;
				GCC_WARN_64_TO_32_BIT_CONVERSION = YES;
				GCC_WARN_ABOUT_RETURN_TYPE = YES_ERROR;
				GCC_WARN_UNDECLARED_SELECTOR = YES;
				GCC_WARN_UNINITIALIZED_AUTOS = YES_AGGRESSIVE;
				GCC_WARN_UNUSED_FUNCTION = YES;
				GCC_WARN_UNUSED_VARIABLE = YES;
				IPHONEOS_DEPLOYMENT_TARGET = 9.0;
				MTL_ENABLE_DEBUG_INFO = NO;
				MTL_FAST_MATH = YES;
				SDKROOT = iphoneos;
				VALIDATE_PRODUCT = YES;
			};
			name = Release;
		};
		39DF13B3237C02E500BF04F8 /* Debug */ = {
			isa = XCBuildConfiguration;
			baseConfigurationReference = 44973824B14B4C083E787DE0 /* Pods-XTLocalPlayer.debug.xcconfig */;
			buildSettings = {
				ASSETCATALOG_COMPILER_APPICON_NAME = AppIcon;
				CLANG_ENABLE_MODULES = YES;
				CODE_SIGN_STYLE = Automatic;
				DEVELOPMENT_TEAM = KY9HF8C4PA;
				GCC_PREFIX_HEADER = /Users/upon/upon/XTLocalPlayer/XTLocalPlayer/PrefixHeader.pch;
				INFOPLIST_FILE = XTLocalPlayer/Info.plist;
				IPHONEOS_DEPLOYMENT_TARGET = 9.0;
				LD_RUNPATH_SEARCH_PATHS = (
					"$(inherited)",
					"@executable_path/Frameworks",
				);
				PRODUCT_BUNDLE_IDENTIFIER = com.tm.XTLocalPlayer;
				PRODUCT_NAME = "$(TARGET_NAME)";
				SWIFT_OBJC_BRIDGING_HEADER = "XTLocalPlayer/XTLocalPlayer-Bridging-Header.h";
				SWIFT_OPTIMIZATION_LEVEL = "-Onone";
				SWIFT_VERSION = 5.0;
				TARGETED_DEVICE_FAMILY = "1,2";
			};
			name = Debug;
		};
		39DF13B4237C02E500BF04F8 /* Release */ = {
			isa = XCBuildConfiguration;
			baseConfigurationReference = E2D11304254F326B6FBEA159 /* Pods-XTLocalPlayer.release.xcconfig */;
			buildSettings = {
				ASSETCATALOG_COMPILER_APPICON_NAME = AppIcon;
				CLANG_ENABLE_MODULES = YES;
				CODE_SIGN_STYLE = Automatic;
				DEVELOPMENT_TEAM = KY9HF8C4PA;
				GCC_PREFIX_HEADER = /Users/upon/upon/XTLocalPlayer/XTLocalPlayer/PrefixHeader.pch;
				INFOPLIST_FILE = XTLocalPlayer/Info.plist;
				IPHONEOS_DEPLOYMENT_TARGET = 9.0;
				LD_RUNPATH_SEARCH_PATHS = (
					"$(inherited)",
					"@executable_path/Frameworks",
				);
				PRODUCT_BUNDLE_IDENTIFIER = com.tm.XTLocalPlayer;
				PRODUCT_NAME = "$(TARGET_NAME)";
				SWIFT_OBJC_BRIDGING_HEADER = "XTLocalPlayer/XTLocalPlayer-Bridging-Header.h";
				SWIFT_VERSION = 5.0;
				TARGETED_DEVICE_FAMILY = "1,2";
			};
			name = Release;
		};
/* End XCBuildConfiguration section */

/* Begin XCConfigurationList section */
		39DF1397237C02E500BF04F8 /* Build configuration list for PBXProject "XTLocalPlayer" */ = {
			isa = XCConfigurationList;
			buildConfigurations = (
				39DF13B0237C02E500BF04F8 /* Debug */,
				39DF13B1237C02E500BF04F8 /* Release */,
			);
			defaultConfigurationIsVisible = 0;
			defaultConfigurationName = Release;
		};
		39DF13B2237C02E500BF04F8 /* Build configuration list for PBXNativeTarget "XTLocalPlayer" */ = {
			isa = XCConfigurationList;
			buildConfigurations = (
				39DF13B3237C02E500BF04F8 /* Debug */,
				39DF13B4237C02E500BF04F8 /* Release */,
			);
			defaultConfigurationIsVisible = 0;
			defaultConfigurationName = Release;
		};
/* End XCConfigurationList section */
	};
	rootObject = 39DF1394237C02E500BF04F8 /* Project object */;
}
